// !$*UTF8*$!
{
	archiveVersion = 1;
	classes = {
	};
	objectVersion = 56;
	objects = {

/* Begin PBXBuildFile section */
		9DFDCAF9299CD31E004BD024 /* KeyDaysApp.swift in Sources */ = {isa = PBXBuildFile; fileRef = 9DFDCAF8299CD31E004BD024 /* KeyDaysApp.swift */; };
		9DFDCAFB299CD31E004BD024 /* ContentView.swift in Sources */ = {isa = PBXBuildFile; fileRef = 9DFDCAFA299CD31E004BD024 /* ContentView.swift */; };
		9DFDCAFD299CD31E004BD024 /* Assets.xcassets in Resources */ = {isa = PBXBuildFile; fileRef = 9DFDCAFC299CD31E004BD024 /* Assets.xcassets */; };
		9DFDCB00299CD31E004BD024 /* Preview Assets.xcassets in Resources */ = {isa = PBXBuildFile; fileRef = 9DFDCAFF299CD31E004BD024 /* Preview Assets.xcassets */; };
		9DFDCB02299CD31E004BD024 /* Persistence.swift in Sources */ = {isa = PBXBuildFile; fileRef = 9DFDCB01299CD31E004BD024 /* Persistence.swift */; };
		9DFDCB05299CD31F004BD024 /* KeyDays.xcdatamodeld in Sources */ = {isa = PBXBuildFile; fileRef = 9DFDCB03299CD31F004BD024 /* KeyDays.xcdatamodeld */; };
/* End PBXBuildFile section */

/* Begin PBXFileReference section */
		9DFDCAF5299CD31E004BD024 /* KeyDays.app */ = {isa = PBXFileReference; explicitFileType = wrapper.application; includeInIndex = 0; path = KeyDays.app; sourceTree = BUILT_PRODUCTS_DIR; };
		9DFDCAF8299CD31E004BD024 /* KeyDaysApp.swift */ = {isa = PBXFileReference; lastKnownFileType = sourcecode.swift; path = KeyDaysApp.swift; sourceTree = "<group>"; };
		9DFDCAFA299CD31E004BD024 /* ContentView.swift */ = {isa = PBXFileReference; lastKnownFileType = sourcecode.swift; path = ContentView.swift; sourceTree = "<group>"; };
		9DFDCAFC299CD31E004BD024 /* Assets.xcassets */ = {isa = PBXFileReference; lastKnownFileType = folder.assetcatalog; path = Assets.xcassets; sourceTree = "<group>"; };
		9DFDCAFF299CD31E004BD024 /* Preview Assets.xcassets */ = {isa = PBXFileReference; lastKnownFileType = folder.assetcatalog; path = "Preview Assets.xcassets"; sourceTree = "<group>"; };
		9DFDCB01299CD31E004BD024 /* Persistence.swift */ = {isa = PBXFileReference; lastKnownFileType = sourcecode.swift; path = Persistence.swift; sourceTree = "<group>"; };
		9DFDCB04299CD31F004BD024 /* KeyDays.xcdatamodel */ = {isa = PBXFileReference; lastKnownFileType = wrapper.xcdatamodel; path = KeyDays.xcdatamodel; sourceTree = "<group>"; };
/* End PBXFileReference section */

/* Begin PBXFrameworksBuildPhase section */
		9DFDCAF2299CD31E004BD024 /* Frameworks */ = {
			isa = PBXFrameworksBuildPhase;
			buildActionMask = 2147483647;
			files = (
			);
			runOnlyForDeploymentPostprocessing = 0;
		};
/* End PBXFrameworksBuildPhase section */

/* Begin PBXGroup section */
		9DFDCAEC299CD31E004BD024 = {
			isa = PBXGroup;
			children = (
				9DFDCAF7299CD31E004BD024 /* KeyDays */,
				9DFDCAF6299CD31E004BD024 /* Products */,
			);
			sourceTree = "<group>";
		};
		9DFDCAF6299CD31E004BD024 /* Products */ = {
			isa = PBXGroup;
			children = (
				9DFDCAF5299CD31E004BD024 /* KeyDays.app */,
			);
			name = Products;
			sourceTree = "<group>";
		};
		9DFDCAF7299CD31E004BD024 /* KeyDays */ = {
			isa = PBXGroup;
			children = (
				9DFDCAF8299CD31E004BD024 /* KeyDaysApp.swift */,
				9DFDCAFA299CD31E004BD024 /* ContentView.swift */,
				9DFDCAFC299CD31E004BD024 /* Assets.xcassets */,
				9DFDCB01299CD31E004BD024 /* Persistence.swift */,
				9DFDCB03299CD31F004BD024 /* KeyDays.xcdatamodeld */,
				9DFDCAFE299CD31E004BD024 /* Preview Content */,
			);
			path = KeyDays;
			sourceTree = "<group>";
		};
		9DFDCAFE299CD31E004BD024 /* Preview Content */ = {
			isa = PBXGroup;
			children = (
				9DFDCAFF299CD31E004BD024 /* Preview Assets.xcassets */,
			);
			path = "Preview Content";
			sourceTree = "<group>";
		};
/* End PBXGroup section */

/* Begin PBXNativeTarget section */
		9DFDCAF4299CD31E004BD024 /* KeyDays */ = {
			isa = PBXNativeTarget;
			buildConfigurationList = 9DFDCB08299CD31F004BD024 /* Build configuration list for PBXNativeTarget "KeyDays" */;
			buildPhases = (
				9DFDCAF1299CD31E004BD024 /* Sources */,
				9DFDCAF2299CD31E004BD024 /* Frameworks */,
				9DFDCAF3299CD31E004BD024 /* Resources */,
			);
			buildRules = (
			);
			dependencies = (
			);
			name = KeyDays;
			productName = KeyDays;
			productReference = 9DFDCAF5299CD31E004BD024 /* KeyDays.app */;
			productType = "com.apple.product-type.application";
		};
/* End PBXNativeTarget section */

/* Begin PBXProject section */
		9DFDCAED299CD31E004BD024 /* Project object */ = {
			isa = PBXProject;
			attributes = {
				BuildIndependentTargetsInParallel = 1;
				LastSwiftUpdateCheck = 1420;
				LastUpgradeCheck = 1420;
				TargetAttributes = {
					9DFDCAF4299CD31E004BD024 = {
						CreatedOnToolsVersion = 14.2;
					};
				};
			};
			buildConfigurationList = 9DFDCAF0299CD31E004BD024 /* Build configuration list for PBXProject "KeyDays" */;
			compatibilityVersion = "Xcode 14.0";
			developmentRegion = en;
			hasScannedForEncodings = 0;
			knownRegions = (
				en,
				Base,
			);
			mainGroup = 9DFDCAEC299CD31E004BD024;
			productRefGroup = 9DFDCAF6299CD31E004BD024 /* Products */;
			projectDirPath = "";
			projectRoot = "";
			targets = (
				9DFDCAF4299CD31E004BD024 /* KeyDays */,
			);
		};
/* End PBXProject section */

/* Begin PBXResourcesBuildPhase section */
		9DFDCAF3299CD31E004BD024 /* Resources */ = {
			isa = PBXResourcesBuildPhase;
			buildActionMask = 2147483647;
			files = (
				9DFDCB00299CD31E004BD024 /* Preview Assets.xcassets in Resources */,
				9DFDCAFD299CD31E004BD024 /* Assets.xcassets in Resources */,
			);
			runOnlyForDeploymentPostprocessing = 0;
		};
/* End PBXResourcesBuildPhase section */

/* Begin PBXSourcesBuildPhase section */
		9DFDCAF1299CD31E004BD024 /* Sources */ = {
			isa = PBXSourcesBuildPhase;
			buildActionMask = 2147483647;
			files = (
				9DFDCB02299CD31E004BD024 /* Persistence.swift in Sources */,
				9DFDCAFB299CD31E004BD024 /* ContentView.swift in Sources */,
				9DFDCB05299CD31F004BD024 /* KeyDays.xcdatamodeld in Sources */,
				9DFDCAF9299CD31E004BD024 /* KeyDaysApp.swift in Sources */,
			);
			runOnlyForDeploymentPostprocessing = 0;
		};
/* End PBXSourcesBuildPhase section */

/* Begin XCBuildConfiguration section */
		9DFDCB06299CD31F004BD024 /* Debug */ = {
			isa = XCBuildConfiguration;
			buildSettings = {
				ALWAYS_SEARCH_USER_PATHS = NO;
				CLANG_ANALYZER_NONNULL = YES;
				CLANG_ANALYZER_NUMBER_OBJECT_CONVERSION = YES_AGGRESSIVE;
				CLANG_CXX_LANGUAGE_STANDARD = "gnu++20";
				CLANG_ENABLE_MODULES = YES;
				CLANG_ENABLE_OBJC_ARC = YES;
				CLANG_ENABLE_OBJC_WEAK = YES;
				CLANG_WARN_BLOCK_CAPTURE_AUTORELEASING = YES;
				CLANG_WARN_BOOL_CONVERSION = YES;
				CLANG_WARN_COMMA = YES;
				CLANG_WARN_CONSTANT_CONVERSION = YES;
				CLANG_WARN_DEPRECATED_OBJC_IMPLEMENTATIONS = YES;
				CLANG_WARN_DIRECT_OBJC_ISA_USAGE = YES_ERROR;
				CLANG_WARN_DOCUMENTATION_COMMENTS = YES;
				CLANG_WARN_EMPTY_BODY = YES;
				CLANG_WARN_ENUM_CONVERSION = YES;
				CLANG_WARN_INFINITE_RECURSION = YES;
				CLANG_WARN_INT_CONVERSION = YES;
				CLANG_WARN_NON_LITERAL_NULL_CONVERSION = YES;
				CLANG_WARN_OBJC_IMPLICIT_RETAIN_SELF = YES;
				CLANG_WARN_OBJC_LITERAL_CONVERSION = YES;
				CLANG_WARN_OBJC_ROOT_CLASS = YES_ERROR;
				CLANG_WARN_QUOTED_INCLUDE_IN_FRAMEWORK_HEADER = YES;
				CLANG_WARN_RANGE_LOOP_ANALYSIS = YES;
				CLANG_WARN_STRICT_PROTOTYPES = YES;
				CLANG_WARN_SUSPICIOUS_MOVE = YES;
				CLANG_WARN_UNGUARDED_AVAILABILITY = YES_AGGRESSIVE;
				CLANG_WARN_UNREACHABLE_CODE = YES;
				CLANG_WARN__DUPLICATE_METHOD_MATCH = YES;
				COPY_PHASE_STRIP = NO;
				DEBUG_INFORMATION_FORMAT = dwarf;
				ENABLE_STRICT_OBJC_MSGSEND = YES;
				ENABLE_TESTABILITY = YES;
				GCC_C_LANGUAGE_STANDARD = gnu11;
				GCC_DYNAMIC_NO_PIC = NO;
				GCC_NO_COMMON_BLOCKS = YES;
				GCC_OPTIMIZATION_LEVEL = 0;
				GCC_PREPROCESSOR_DEFINITIONS = (
					"DEBUG=1",
					"$(inherited)",
				);
				GCC_WARN_64_TO_32_BIT_CONVERSION = YES;
				GCC_WARN_ABOUT_RETURN_TYPE = YES_ERROR;
				GCC_WARN_UNDECLARED_SELECTOR = YES;
				GCC_WARN_UNINITIALIZED_AUTOS = YES_AGGRESSIVE;
				GCC_WARN_UNUSED_FUNCTION = YES;
				GCC_WARN_UNUSED_VARIABLE = YES;
				IPHONEOS_DEPLOYMENT_TARGET = 16.2;
				MTL_ENABLE_DEBUG_INFO = INCLUDE_SOURCE;
				MTL_FAST_MATH = YES;
				ONLY_ACTIVE_ARCH = YES;
				SDKROOT = iphoneos;
				SWIFT_ACTIVE_COMPILATION_CONDITIONS = DEBUG;
				SWIFT_OPTIMIZATION_LEVEL = "-Onone";
			};
			name = Debug;
		};
		9DFDCB07299CD31F004BD024 /* Release */ = {
			isa = XCBuildConfiguration;
			buildSettings = {
				ALWAYS_SEARCH_USER_PATHS = NO;
				CLANG_ANALYZER_NONNULL = YES;
				CLANG_ANALYZER_NUMBER_OBJECT_CONVERSION = YES_AGGRESSIVE;
				CLANG_CXX_LANGUAGE_STANDARD = "gnu++20";
				CLANG_ENABLE_MODULES = YES;
				CLANG_ENABLE_OBJC_ARC = YES;
				CLANG_ENABLE_OBJC_WEAK = YES;
				CLANG_WARN_BLOCK_CAPTURE_AUTORELEASING = YES;
				CLANG_WARN_BOOL_CONVERSION = YES;
				CLANG_WARN_COMMA = YES;
				CLANG_WARN_CONSTANT_CONVERSION = YES;
				CLANG_WARN_DEPRECATED_OBJC_IMPLEMENTATIONS = YES;
				CLANG_WARN_DIRECT_OBJC_ISA_USAGE = YES_ERROR;
				CLANG_WARN_DOCUMENTATION_COMMENTS = YES;
				CLANG_WARN_EMPTY_BODY = YES;
				CLANG_WARN_ENUM_CONVERSION = YES;
				CLANG_WARN_INFINITE_RECURSION = YES;
				CLANG_WARN_INT_CONVERSION = YES;
				CLANG_WARN_NON_LITERAL_NULL_CONVERSION = YES;
				CLANG_WARN_OBJC_IMPLICIT_RETAIN_SELF = YES;
				CLANG_WARN_OBJC_LITERAL_CONVERSION = YES;
				CLANG_WARN_OBJC_ROOT_CLASS = YES_ERROR;
				CLANG_WARN_QUOTED_INCLUDE_IN_FRAMEWORK_HEADER = YES;
				CLANG_WARN_RANGE_LOOP_ANALYSIS = YES;
				CLANG_WARN_STRICT_PROTOTYPES = YES;
				CLANG_WARN_SUSPICIOUS_MOVE = YES;
				CLANG_WARN_UNGUARDED_AVAILABILITY = YES_AGGRESSIVE;
				CLANG_WARN_UNREACHABLE_CODE = YES;
				CLANG_WARN__DUPLICATE_METHOD_MATCH = YES;
				COPY_PHASE_STRIP = NO;
				DEBUG_INFORMATION_FORMAT = "dwarf-with-dsym";
				ENABLE_NS_ASSERTIONS = NO;
				ENABLE_STRICT_OBJC_MSGSEND = YES;
				GCC_C_LANGUAGE_STANDARD = gnu11;
				GCC_NO_COMMON_BLOCKS = YES;
				GCC_WARN_64_TO_32_BIT_CONVERSION = YES;
				GCC_WARN_ABOUT_RETURN_TYPE = YES_ERROR;
				GCC_WARN_UNDECLARED_SELECTOR = YES;
				GCC_WARN_UNINITIALIZED_AUTOS = YES_AGGRESSIVE;
				GCC_WARN_UNUSED_FUNCTION = YES;
				GCC_WARN_UNUSED_VARIABLE = YES;
				IPHONEOS_DEPLOYMENT_TARGET = 16.2;
				MTL_ENABLE_DEBUG_INFO = NO;
				MTL_FAST_MATH = YES;
				SDKROOT = iphoneos;
				SWIFT_COMPILATION_MODE = wholemodule;
				SWIFT_OPTIMIZATION_LEVEL = "-O";
				VALIDATE_PRODUCT = YES;
			};
			name = Release;
		};
		9DFDCB09299CD31F004BD024 /* Debug */ = {
			isa = XCBuildConfiguration;
			buildSettings = {
				ASSETCATALOG_COMPILER_APPICON_NAME = AppIcon;
				ASSETCATALOG_COMPILER_GLOBAL_ACCENT_COLOR_NAME = AccentColor;
				CODE_SIGN_STYLE = Automatic;
				CURRENT_PROJECT_VERSION = 1;
				DEVELOPMENT_ASSET_PATHS = "\"KeyDays/Preview Content\"";
				DEVELOPMENT_TEAM = VA9UM6N9U4;
				ENABLE_PREVIEWS = YES;
				GENERATE_INFOPLIST_FILE = YES;
				INFOPLIST_KEY_UIApplicationSceneManifest_Generation = YES;
				INFOPLIST_KEY_UIApplicationSupportsIndirectInputEvents = YES;
				INFOPLIST_KEY_UILaunchScreen_Generation = YES;
				INFOPLIST_KEY_UISupportedInterfaceOrientations_iPad = "UIInterfaceOrientationPortrait UIInterfaceOrientationPortraitUpsideDown UIInterfaceOrientationLandscapeLeft UIInterfaceOrientationLandscapeRight";
				INFOPLIST_KEY_UISupportedInterfaceOrientations_iPhone = "UIInterfaceOrientationPortrait UIInterfaceOrientationLandscapeLeft UIInterfaceOrientationLandscapeRight";
				LD_RUNPATH_SEARCH_PATHS = (
					"$(inherited)",
					"@executable_path/Frameworks",
				);
				MARKETING_VERSION = 1.0;
				PRODUCT_BUNDLE_IDENTIFIER = sutyrKyrylo.KeyDays;
				PRODUCT_NAME = "$(TARGET_NAME)";
				SWIFT_EMIT_LOC_STRINGS = YES;
				SWIFT_VERSION = 5.0;
				TARGETED_DEVICE_FAMILY = "1,2";
			};
			name = Debug;
		};
		9DFDCB0A299CD31F004BD024 /* Release */ = {
			isa = XCBuildConfiguration;
			buildSettings = {
				ASSETCATALOG_COMPILER_APPICON_NAME = AppIcon;
				ASSETCATALOG_COMPILER_GLOBAL_ACCENT_COLOR_NAME = AccentColor;
				CODE_SIGN_STYLE = Automatic;
				CURRENT_PROJECT_VERSION = 1;
				DEVELOPMENT_ASSET_PATHS = "\"KeyDays/Preview Content\"";
				DEVELOPMENT_TEAM = VA9UM6N9U4;
				ENABLE_PREVIEWS = YES;
				GENERATE_INFOPLIST_FILE = YES;
				INFOPLIST_KEY_UIApplicationSceneManifest_Generation = YES;
				INFOPLIST_KEY_UIApplicationSupportsIndirectInputEvents = YES;
				INFOPLIST_KEY_UILaunchScreen_Generation = YES;
				INFOPLIST_KEY_UISupportedInterfaceOrientations_iPad = "UIInterfaceOrientationPortrait UIInterfaceOrientationPortraitUpsideDown UIInterfaceOrientationLandscapeLeft UIInterfaceOrientationLandscapeRight";
				INFOPLIST_KEY_UISupportedInterfaceOrientations_iPhone = "UIInterfaceOrientationPortrait UIInterfaceOrientationLandscapeLeft UIInterfaceOrientationLandscapeRight";
				LD_RUNPATH_SEARCH_PATHS = (
					"$(inherited)",
					"@executable_path/Frameworks",
				);
				MARKETING_VERSION = 1.0;
				PRODUCT_BUNDLE_IDENTIFIER = sutyrKyrylo.KeyDays;
				PRODUCT_NAME = "$(TARGET_NAME)";
				SWIFT_EMIT_LOC_STRINGS = YES;
				SWIFT_VERSION = 5.0;
				TARGETED_DEVICE_FAMILY = "1,2";
			};
			name = Release;
		};
/* End XCBuildConfiguration section */

/* Begin XCConfigurationList section */
		9DFDCAF0299CD31E004BD024 /* Build configuration list for PBXProject "KeyDays" */ = {
			isa = XCConfigurationList;
			buildConfigurations = (
				9DFDCB06299CD31F004BD024 /* Debug */,
				9DFDCB07299CD31F004BD024 /* Release */,
			);
			defaultConfigurationIsVisible = 0;
			defaultConfigurationName = Release;
		};
		9DFDCB08299CD31F004BD024 /* Build configuration list for PBXNativeTarget "KeyDays" */ = {
			isa = XCConfigurationList;
			buildConfigurations = (
				9DFDCB09299CD31F004BD024 /* Debug */,
				9DFDCB0A299CD31F004BD024 /* Release */,
			);
			defaultConfigurationIsVisible = 0;
			defaultConfigurationName = Release;
		};
/* End XCConfigurationList section */

/* Begin XCVersionGroup section */
		9DFDCB03299CD31F004BD024 /* KeyDays.xcdatamodeld */ = {
			isa = XCVersionGroup;
			children = (
				9DFDCB04299CD31F004BD024 /* KeyDays.xcdatamodel */,
			);
			currentVersion = 9DFDCB04299CD31F004BD024 /* KeyDays.xcdatamodel */;
			path = KeyDays.xcdatamodeld;
			sourceTree = "<group>";
			versionGroupType = wrapper.xcdatamodel;
		};
/* End XCVersionGroup section */
	};
	rootObject = 9DFDCAED299CD31E004BD024 /* Project object */;
}
